
Microsoft Visual Studio Solution File, Format Version 12.00
# Visual Studio Version 16
VisualStudioVersion = 16.0.33927.289
MinimumVisualStudioVersion = 10.0.40219.1
Project("{2150E333-8FDC-42A3-9474-1A3956D46DE8}") = "TaskReview", "TaskReview", "{DECC5B58-2F81-4299-BABE-53FF50CD5B5B}"
EndProject
Project("{FAE04EC0-301F-11D3-BF4B-00C04F79EFBC}") = "Tyuiu.PoleschukKR.Sprint1.TaskReview.V23", "Tyuiu.PoleschukKR.Sprint1.TaskReview.V23\Tyuiu.PoleschukKR.Sprint1.TaskReview.V23.csproj", "{89DFD863-A0D8-409D-B74F-D9326761EA4A}"
EndProject
Project("{FAE04EC0-301F-11D3-BF4B-00C04F79EFBC}") = "Tyuiu.PoleschukKR.Sprint1.TaskReview.V23.Lib", "Tyuiu.PoleschukKR.Sprint1.TaskReview.V23.Lib\Tyuiu.PoleschukKR.Sprint1.TaskReview.V23.Lib.csproj", "{0832F01F-B3D8-4D58-9CD0-0FC7A8517F80}"
EndProject
Project("{FAE04EC0-301F-11D3-BF4B-00C04F79EFBC}") = "Tyuiu.PoleschukKR.Sprint1.TaskReview.V23.Test", "Tyuiu.PoleschukKR.Sprint1.TaskReview.V23.Test\Tyuiu.PoleschukKR.Sprint1.TaskReview.V23.Test.csproj", "{38E1286A-8B8F-4E15-A1AD-5F58953ECE16}"
EndProject
Global
	GlobalSection(SolutionConfigurationPlatforms) = preSolution
		Debug|Any CPU = Debug|Any CPU
		Release|Any CPU = Release|Any CPU
	EndGlobalSection
	GlobalSection(ProjectConfigurationPlatforms) = postSolution
		{89DFD863-A0D8-409D-B74F-D9326761EA4A}.Debug|Any CPU.ActiveCfg = Debug|Any CPU
		{89DFD863-A0D8-409D-B74F-D9326761EA4A}.Debug|Any CPU.Build.0 = Debug|Any CPU
		{89DFD863-A0D8-409D-B74F-D9326761EA4A}.Release|Any CPU.ActiveCfg = Release|Any CPU
		{89DFD863-A0D8-409D-B74F-D9326761EA4A}.Release|Any CPU.Build.0 = Release|Any CPU
		{0832F01F-B3D8-4D58-9CD0-0FC7A8517F80}.Debug|Any CPU.ActiveCfg = Debug|Any CPU
		{0832F01F-B3D8-4D58-9CD0-0FC7A8517F80}.Debug|Any CPU.Build.0 = Debug|Any CPU
		{0832F01F-B3D8-4D58-9CD0-0FC7A8517F80}.Release|Any CPU.ActiveCfg = Release|Any CPU
		{0832F01F-B3D8-4D58-9CD0-0FC7A8517F80}.Release|Any CPU.Build.0 = Release|Any CPU
		{38E1286A-8B8F-4E15-A1AD-5F58953ECE16}.Debug|Any CPU.ActiveCfg = Debug|Any CPU
		{38E1286A-8B8F-4E15-A1AD-5F58953ECE16}.Debug|Any CPU.Build.0 = Debug|Any CPU
		{38E1286A-8B8F-4E15-A1AD-5F58953ECE16}.Release|Any CPU.ActiveCfg = Release|Any CPU
		{38E1286A-8B8F-4E15-A1AD-5F58953ECE16}.Release|Any CPU.Build.0 = Release|Any CPU
	EndGlobalSection
	GlobalSection(SolutionProperties) = preSolution
		HideSolutionNode = FALSE
	EndGlobalSection
	GlobalSection(NestedProjects) = preSolution
		{89DFD863-A0D8-409D-B74F-D9326761EA4A} = {DECC5B58-2F81-4299-BABE-53FF50CD5B5B}
		{0832F01F-B3D8-4D58-9CD0-0FC7A8517F80} = {DECC5B58-2F81-4299-BABE-53FF50CD5B5B}
		{38E1286A-8B8F-4E15-A1AD-5F58953ECE16} = {DECC5B58-2F81-4299-BABE-53FF50CD5B5B}
	EndGlobalSection
	GlobalSection(ExtensibilityGlobals) = postSolution
		SolutionGuid = {4ABB6C0B-54B5-4D0E-9988-D726A743C4CB}
	EndGlobalSection
EndGlobal
